// !$*UTF8*$!
{
	archiveVersion = 1;
	classes = {
	};
	objectVersion = 56;
	objects = {

/* Begin PBXBuildFile section */
		AA000001 /* App.swift in Sources */ = {isa = PBXBuildFile; fileRef = AA100001 /* App.swift */; };
		AA000002 /* ContentView.swift in Sources */ = {isa = PBXBuildFile; fileRef = AA100002 /* ContentView.swift */; };
		AA000010 /* Colors.swift in Sources */ = {isa = PBXBuildFile; fileRef = AA100010 /* Colors.swift */; };
		AA000011 /* Typography.swift in Sources */ = {isa = PBXBuildFile; fileRef = AA100011 /* Typography.swift */; };
		AA000012 /* Shapes.swift in Sources */ = {isa = PBXBuildFile; fileRef = AA100012 /* Shapes.swift */; };
		AA000020 /* DownloadView.swift in Sources */ = {isa = PBXBuildFile; fileRef = AA100020 /* DownloadView.swift */; };
		AA000021 /* UrlInputView.swift in Sources */ = {isa = PBXBuildFile; fileRef = AA100021 /* UrlInputView.swift */; };
		AA000022 /* FormatSelectionView.swift in Sources */ = {isa = PBXBuildFile; fileRef = AA100022 /* FormatSelectionView.swift */; };
		AA000023 /* DownloadProgressView.swift in Sources */ = {isa = PBXBuildFile; fileRef = AA100023 /* DownloadProgressView.swift */; };
		AA000024 /* DownloadCompleteView.swift in Sources */ = {isa = PBXBuildFile; fileRef = AA100024 /* DownloadCompleteView.swift */; };
		AA000025 /* DownloadErrorView.swift in Sources */ = {isa = PBXBuildFile; fileRef = AA100025 /* DownloadErrorView.swift */; };
		AA000030 /* LibraryView.swift in Sources */ = {isa = PBXBuildFile; fileRef = AA100030 /* LibraryView.swift */; };
		AA000040 /* HistoryView.swift in Sources */ = {isa = PBXBuildFile; fileRef = AA100040 /* HistoryView.swift */; };
		AA000050 /* NotificationService.swift in Sources */ = {isa = PBXBuildFile; fileRef = AA100050 /* NotificationService.swift */; };
		AA000060 /* KoinHelper.swift in Sources */ = {isa = PBXBuildFile; fileRef = AA100060 /* KoinHelper.swift */; };
		AA000070 /* Localizable.strings in Resources */ = {isa = PBXBuildFile; fileRef = AA100070 /* Localizable.strings */; };
		AA000041 /* HistoryItemRow.swift in Sources */ = {isa = PBXBuildFile; fileRef = AA100041 /* HistoryItemRow.swift */; };
		AA000042 /* HistoryDeleteDialog.swift in Sources */ = {isa = PBXBuildFile; fileRef = AA100042 /* HistoryDeleteDialog.swift */; };
		AA000043 /* CloudBackupView.swift in Sources */ = {isa = PBXBuildFile; fileRef = AA100043 /* CloudBackupView.swift */; };
		AA000044 /* UpgradeView.swift in Sources */ = {isa = PBXBuildFile; fileRef = AA100044 /* UpgradeView.swift */; };
		AA000031 /* LibraryItemRow.swift in Sources */ = {isa = PBXBuildFile; fileRef = AA100031 /* LibraryItemRow.swift */; };
/* End PBXBuildFile section */

/* Begin PBXFileReference section */
		AA100001 /* App.swift */ = {isa = PBXFileReference; lastKnownFileType = sourcecode.swift; path = App.swift; sourceTree = "<group>"; };
		AA100002 /* ContentView.swift */ = {isa = PBXFileReference; lastKnownFileType = sourcecode.swift; path = ContentView.swift; sourceTree = "<group>"; };
		AA100003 /* Info.plist */ = {isa = PBXFileReference; lastKnownFileType = text.plist.xml; path = Info.plist; sourceTree = "<group>"; };
		AA100010 /* Colors.swift */ = {isa = PBXFileReference; lastKnownFileType = sourcecode.swift; path = Colors.swift; sourceTree = "<group>"; };
		AA100011 /* Typography.swift */ = {isa = PBXFileReference; lastKnownFileType = sourcecode.swift; path = Typography.swift; sourceTree = "<group>"; };
		AA100012 /* Shapes.swift */ = {isa = PBXFileReference; lastKnownFileType = sourcecode.swift; path = Shapes.swift; sourceTree = "<group>"; };
		AA100020 /* DownloadView.swift */ = {isa = PBXFileReference; lastKnownFileType = sourcecode.swift; path = DownloadView.swift; sourceTree = "<group>"; };
		AA100021 /* UrlInputView.swift */ = {isa = PBXFileReference; lastKnownFileType = sourcecode.swift; path = UrlInputView.swift; sourceTree = "<group>"; };
		AA100022 /* FormatSelectionView.swift */ = {isa = PBXFileReference; lastKnownFileType = sourcecode.swift; path = FormatSelectionView.swift; sourceTree = "<group>"; };
		AA100023 /* DownloadProgressView.swift */ = {isa = PBXFileReference; lastKnownFileType = sourcecode.swift; path = DownloadProgressView.swift; sourceTree = "<group>"; };
		AA100024 /* DownloadCompleteView.swift */ = {isa = PBXFileReference; lastKnownFileType = sourcecode.swift; path = DownloadCompleteView.swift; sourceTree = "<group>"; };
		AA100025 /* DownloadErrorView.swift */ = {isa = PBXFileReference; lastKnownFileType = sourcecode.swift; path = DownloadErrorView.swift; sourceTree = "<group>"; };
		AA100030 /* LibraryView.swift */ = {isa = PBXFileReference; lastKnownFileType = sourcecode.swift; path = LibraryView.swift; sourceTree = "<group>"; };
		AA100040 /* HistoryView.swift */ = {isa = PBXFileReference; lastKnownFileType = sourcecode.swift; path = HistoryView.swift; sourceTree = "<group>"; };
		AA100050 /* NotificationService.swift */ = {isa = PBXFileReference; lastKnownFileType = sourcecode.swift; path = NotificationService.swift; sourceTree = "<group>"; };
		AA100060 /* KoinHelper.swift */ = {isa = PBXFileReference; lastKnownFileType = sourcecode.swift; path = KoinHelper.swift; sourceTree = "<group>"; };
		AA100070 /* Localizable.strings */ = {isa = PBXFileReference; lastKnownFileType = text.plist.strings; path = Localizable.strings; sourceTree = "<group>"; };
		AA100041 /* HistoryItemRow.swift */ = {isa = PBXFileReference; lastKnownFileType = sourcecode.swift; path = HistoryItemRow.swift; sourceTree = "<group>"; };
		AA100042 /* HistoryDeleteDialog.swift */ = {isa = PBXFileReference; lastKnownFileType = sourcecode.swift; path = HistoryDeleteDialog.swift; sourceTree = "<group>"; };
		AA100043 /* CloudBackupView.swift */ = {isa = PBXFileReference; lastKnownFileType = sourcecode.swift; path = CloudBackupView.swift; sourceTree = "<group>"; };
		AA100044 /* UpgradeView.swift */ = {isa = PBXFileReference; lastKnownFileType = sourcecode.swift; path = UpgradeView.swift; sourceTree = "<group>"; };
		AA100031 /* LibraryItemRow.swift */ = {isa = PBXFileReference; lastKnownFileType = sourcecode.swift; path = LibraryItemRow.swift; sourceTree = "<group>"; };
		AA100004 /* iosApp.entitlements */ = {isa = PBXFileReference; lastKnownFileType = text.plist.entitlements; path = iosApp.entitlements; sourceTree = "<group>"; };
		AA200001 /* iosApp.app */ = {isa = PBXFileReference; explicitFileType = wrapper.application; includeInIndex = 0; path = iosApp.app; sourceTree = BUILT_PRODUCTS_DIR; };
/* End PBXFileReference section */

/* Begin PBXFrameworksBuildPhase section */
		AA300001 /* Frameworks */ = {
			isa = PBXFrameworksBuildPhase;
			buildActionMask = 2147483647;
			files = (
			);
			runOnlyForDeploymentPostprocessing = 0;
		};
/* End PBXFrameworksBuildPhase section */

/* Begin PBXGroup section */
		AA410000 /* Theme */ = {
			isa = PBXGroup;
			children = (
				AA100010 /* Colors.swift */,
				AA100011 /* Typography.swift */,
				AA100012 /* Shapes.swift */,
			);
			path = Theme;
			sourceTree = "<group>";
		};
		AA420000 /* Download */ = {
			isa = PBXGroup;
			children = (
				AA100020 /* DownloadView.swift */,
				AA100021 /* UrlInputView.swift */,
				AA100022 /* FormatSelectionView.swift */,
				AA100023 /* DownloadProgressView.swift */,
				AA100024 /* DownloadCompleteView.swift */,
				AA100025 /* DownloadErrorView.swift */,
			);
			path = Download;
			sourceTree = "<group>";
		};
		AA430000 /* Library */ = {
			isa = PBXGroup;
			children = (
				AA100030 /* LibraryView.swift */,
				AA100031 /* LibraryItemRow.swift */,
			);
			path = Library;
			sourceTree = "<group>";
		};
		AA440000 /* History */ = {
			isa = PBXGroup;
			children = (
				AA100040 /* HistoryView.swift */,
				AA100041 /* HistoryItemRow.swift */,
				AA100042 /* HistoryDeleteDialog.swift */,
				AA100043 /* CloudBackupView.swift */,
				AA100044 /* UpgradeView.swift */,
			);
			path = History;
			sourceTree = "<group>";
		};
		AA450000 /* Services */ = {
			isa = PBXGroup;
			children = (
				AA100050 /* NotificationService.swift */,
			);
			path = Services;
			sourceTree = "<group>";
		};
		AA460000 /* Helpers */ = {
			isa = PBXGroup;
			children = (
				AA100060 /* KoinHelper.swift */,
			);
			path = Helpers;
			sourceTree = "<group>";
		};
		AA400001 /* iosApp */ = {
			isa = PBXGroup;
			children = (
				AA100001 /* App.swift */,
				AA100002 /* ContentView.swift */,
				AA100003 /* Info.plist */,
				AA100004 /* iosApp.entitlements */,
				AA100070 /* Localizable.strings */,
				AA410000 /* Theme */,
				AA420000 /* Download */,
				AA430000 /* Library */,
				AA440000 /* History */,
				AA450000 /* Services */,
				AA460000 /* Helpers */,
			);
			path = iosApp;
			sourceTree = "<group>";
		};
		AA400002 /* Products */ = {
			isa = PBXGroup;
			children = (
				AA200001 /* iosApp.app */,
			);
			name = Products;
			sourceTree = "<group>";
		};
		AA400000 /* root */ = {
			isa = PBXGroup;
			children = (
				AA400001 /* iosApp */,
				AA400002 /* Products */,
			);
			sourceTree = "<group>";
		};
/* End PBXGroup section */

/* Begin PBXNativeTarget section */
		AA500001 /* iosApp */ = {
			isa = PBXNativeTarget;
			buildConfigurationList = AA700001 /* Build configuration list for PBXNativeTarget "iosApp" */;
			buildPhases = (
				AA600003 /* Build KMP Frameworks */,
				AA600001 /* Sources */,
				AA300001 /* Frameworks */,
				AA600002 /* Resources */,
			);
			buildRules = (
			);
			dependencies = (
			);
			name = iosApp;
			productName = iosApp;
			productReference = AA200001 /* iosApp.app */;
			productType = "com.apple.product-type.application";
		};
/* End PBXNativeTarget section */

/* Begin PBXProject section */
		AA800001 /* Project object */ = {
			isa = PBXProject;
			attributes = {
				BuildIndependentTargetsInParallel = 1;
				LastSwiftUpdateCheck = 1500;
				LastUpgradeCheck = 1500;
				ORGANIZATIONNAME = "Social Video Downloader";
				TargetAttributes = {
					AA500001 = {
						CreatedOnToolsVersion = 15.0;
					};
				};
			};
			buildConfigurationList = AA700000 /* Build configuration list for PBXProject "iosApp" */;
			compatibilityVersion = "Xcode 14.0";
			developmentRegion = en;
			hasScannedForEncodings = 0;
			knownRegions = (
				en,
				Base,
			);
			mainGroup = AA400000 /* root */;
			productRefGroup = AA400002 /* Products */;
			projectDirPath = "";
			projectRoot = "";
			targets = (
				AA500001 /* iosApp */,
			);
		};
/* End PBXProject section */

/* Begin PBXResourcesBuildPhase section */
		AA600002 /* Resources */ = {
			isa = PBXResourcesBuildPhase;
			buildActionMask = 2147483647;
			files = (
				AA000070 /* Localizable.strings in Resources */,
			);
			runOnlyForDeploymentPostprocessing = 0;
		};
/* End PBXResourcesBuildPhase section */

/* Begin PBXShellScriptBuildPhase section */
		AA600003 /* Build KMP Frameworks */ = {
			isa = PBXShellScriptBuildPhase;
			buildActionMask = 2147483647;
			files = (
			);
			inputPaths = (
			);
			name = "Build KMP Frameworks";
			outputPaths = (
			);
			runOnlyForDeploymentPostprocessing = 0;
			shellPath = /bin/sh;
			shellScript = "cd \"$SRCROOT/..\"\n./gradlew \\\n  :shared:data:embedAndSignAppleFrameworkForXcode \\\n  :shared:feature-download:embedAndSignAppleFrameworkForXcode \\\n  :shared:feature-history:embedAndSignAppleFrameworkForXcode \\\n  :shared:feature-library:embedAndSignAppleFrameworkForXcode \\\n  :shared:network:embedAndSignAppleFrameworkForXcode \\\n  :core:domain:embedAndSignAppleFrameworkForXcode\n";
		};
/* End PBXShellScriptBuildPhase section */

/* Begin PBXSourcesBuildPhase section */
		AA600001 /* Sources */ = {
			isa = PBXSourcesBuildPhase;
			buildActionMask = 2147483647;
			files = (
				AA000001 /* App.swift in Sources */,
				AA000002 /* ContentView.swift in Sources */,
				AA000010 /* Colors.swift in Sources */,
				AA000011 /* Typography.swift in Sources */,
				AA000012 /* Shapes.swift in Sources */,
				AA000020 /* DownloadView.swift in Sources */,
				AA000021 /* UrlInputView.swift in Sources */,
				AA000022 /* FormatSelectionView.swift in Sources */,
				AA000023 /* DownloadProgressView.swift in Sources */,
				AA000024 /* DownloadCompleteView.swift in Sources */,
				AA000025 /* DownloadErrorView.swift in Sources */,
				AA000030 /* LibraryView.swift in Sources */,
				AA000040 /* HistoryView.swift in Sources */,
				AA000050 /* NotificationService.swift in Sources */,
				AA000060 /* KoinHelper.swift in Sources */,
				AA000041 /* HistoryItemRow.swift in Sources */,
				AA000042 /* HistoryDeleteDialog.swift in Sources */,
				AA000043 /* CloudBackupView.swift in Sources */,
				AA000044 /* UpgradeView.swift in Sources */,
				AA000031 /* LibraryItemRow.swift in Sources */,
			);
			runOnlyForDeploymentPostprocessing = 0;
		};
/* End PBXSourcesBuildPhase section */

/* Begin XCBuildConfiguration section */
		AA900001 /* Debug */ = {
			isa = XCBuildConfiguration;
			buildSettings = {
				ALWAYS_SEARCH_USER_PATHS = NO;
				ASSETCATALOG_COMPILER_GENERATE_SWIFT_ASSET_SYMBOL_EXTENSIONS = YES;
				CLANG_ANALYZER_NONNULL = YES;
				CLANG_ANALYZER_NUMBER_OBJECT_CONVERSION = YES_AGGRESSIVE;
				CLANG_CXX_LANGUAGE_STANDARD = "gnu++20";
				CLANG_ENABLE_MODULES = YES;
				CLANG_ENABLE_OBJC_ARC = YES;
				CLANG_ENABLE_OBJC_WEAK = YES;
				CLANG_WARN_BLOCK_CAPTURE_AUTORELEASING = YES;
				CLANG_WARN_BOOL_CONVERSION = YES;
				CLANG_WARN_COMMA = YES;
				CLANG_WARN_CONSTANT_CONVERSION = YES;
				CLANG_WARN_DEPRECATED_OBJC_IMPLEMENTATIONS = YES;
				CLANG_WARN_DIRECT_OBJC_ISA_USAGE = YES_ERROR;
				CLANG_WARN_DOCUMENTATION_COMMENTS = YES;
				CLANG_WARN_EMPTY_BODY = YES;
				CLANG_WARN_ENUM_CONVERSION = YES;
				CLANG_WARN_INFINITE_RECURSION = YES;
				CLANG_WARN_INT_CONVERSION = YES;
				CLANG_WARN_NON_LITERAL_NULL_CONVERSION = YES;
				CLANG_WARN_OBJC_IMPLICIT_RETAIN_SELF = YES;
				CLANG_WARN_OBJC_LITERAL_CONVERSION = YES;
				CLANG_WARN_OBJC_ROOT_CLASS = YES_ERROR;
				CLANG_WARN_QUOTED_INCLUDE_IN_FRAMEWORK_HEADER = YES;
				CLANG_WARN_RANGE_LOOP_ANALYSIS = YES;
				CLANG_WARN_STRICT_PROTOTYPES = YES;
				CLANG_WARN_SUSPICIOUS_MOVE = YES;
				CLANG_WARN_UNGUARDED_AVAILABILITY = YES_AGGRESSIVE;
				CLANG_WARN_UNREACHABLE_CODE = YES;
				CLANG_WARN__DUPLICATE_METHOD_MATCH = YES;
				COPY_PHASE_STRIP = NO;
				DEBUG_INFORMATION_FORMAT = dwarf;
				ENABLE_STRICT_OBJC_MSGSEND = YES;
				ENABLE_TESTABILITY = YES;
				ENABLE_USER_SCRIPT_SANDBOXING = NO;
				GCC_C_LANGUAGE_STANDARD = gnu17;
				GCC_DYNAMIC_NO_PIC = NO;
				GCC_NO_COMMON_BLOCKS = YES;
				GCC_OPTIMIZATION_LEVEL = 0;
				GCC_PREPROCESSOR_DEFINITIONS = (
					"DEBUG=1",
					"$(inherited)",
				);
				GCC_WARN_64_TO_32_BIT_CONVERSION = YES;
				GCC_WARN_ABOUT_RETURN_TYPE = YES_ERROR;
				GCC_WARN_UNDECLARED_SELECTOR = YES;
				GCC_WARN_UNINITIALIZED_AUTOS = YES_AGGRESSIVE;
				GCC_WARN_UNUSED_FUNCTION = YES;
				GCC_WARN_UNUSED_VARIABLE = YES;
				FRAMEWORK_SEARCH_PATHS = (
					"$(inherited)",
					"$(SRCROOT)/../shared/build/xcode-frameworks/$(CONFIGURATION)/$(SDK_NAME)",
				);
				IPHONEOS_DEPLOYMENT_TARGET = 16.0;
				MTL_ENABLE_DEBUG_INFO = INCLUDE_SOURCE;
				MTL_FAST_MATH = YES;
				ONLY_ACTIVE_ARCH = YES;
				SDKROOT = iphoneos;
				SWIFT_ACTIVE_COMPILATION_CONDITIONS = "DEBUG $(inherited)";
				SWIFT_OPTIMIZATION_LEVEL = "-Onone";
			};
			name = Debug;
		};
		AA900002 /* Release */ = {
			isa = XCBuildConfiguration;
			buildSettings = {
				ALWAYS_SEARCH_USER_PATHS = NO;
				ASSETCATALOG_COMPILER_GENERATE_SWIFT_ASSET_SYMBOL_EXTENSIONS = YES;
				CLANG_ANALYZER_NONNULL = YES;
				CLANG_ANALYZER_NUMBER_OBJECT_CONVERSION = YES_AGGRESSIVE;
				CLANG_CXX_LANGUAGE_STANDARD = "gnu++20";
				CLANG_ENABLE_MODULES = YES;
				CLANG_ENABLE_OBJC_ARC = YES;
				CLANG_ENABLE_OBJC_WEAK = YES;
				CLANG_WARN_BLOCK_CAPTURE_AUTORELEASING = YES;
				CLANG_WARN_BOOL_CONVERSION = YES;
				CLANG_WARN_COMMA = YES;
				CLANG_WARN_CONSTANT_CONVERSION = YES;
				CLANG_WARN_DEPRECATED_OBJC_IMPLEMENTATIONS = YES;
				CLANG_WARN_DIRECT_OBJC_ISA_USAGE = YES_ERROR;
				CLANG_WARN_DOCUMENTATION_COMMENTS = YES;
				CLANG_WARN_EMPTY_BODY = YES;
				CLANG_WARN_ENUM_CONVERSION = YES;
				CLANG_WARN_INFINITE_RECURSION = YES;
				CLANG_WARN_INT_CONVERSION = YES;
				CLANG_WARN_NON_LITERAL_NULL_CONVERSION = YES;
				CLANG_WARN_OBJC_IMPLICIT_RETAIN_SELF = YES;
				CLANG_WARN_OBJC_LITERAL_CONVERSION = YES;
				CLANG_WARN_OBJC_ROOT_CLASS = YES_ERROR;
				CLANG_WARN_QUOTED_INCLUDE_IN_FRAMEWORK_HEADER = YES;
				CLANG_WARN_RANGE_LOOP_ANALYSIS = YES;
				CLANG_WARN_STRICT_PROTOTYPES = YES;
				CLANG_WARN_SUSPICIOUS_MOVE = YES;
				CLANG_WARN_UNGUARDED_AVAILABILITY = YES_AGGRESSIVE;
				CLANG_WARN_UNREACHABLE_CODE = YES;
				CLANG_WARN__DUPLICATE_METHOD_MATCH = YES;
				COPY_PHASE_STRIP = NO;
				DEBUG_INFORMATION_FORMAT = "dwarf-with-dsym";
				ENABLE_NS_ASSERTIONS = NO;
				ENABLE_STRICT_OBJC_MSGSEND = YES;
				ENABLE_USER_SCRIPT_SANDBOXING = NO;
				GCC_C_LANGUAGE_STANDARD = gnu17;
				GCC_NO_COMMON_BLOCKS = YES;
				GCC_WARN_64_TO_32_BIT_CONVERSION = YES;
				GCC_WARN_ABOUT_RETURN_TYPE = YES_ERROR;
				GCC_WARN_UNDECLARED_SELECTOR = YES;
				GCC_WARN_UNINITIALIZED_AUTOS = YES_AGGRESSIVE;
				GCC_WARN_UNUSED_FUNCTION = YES;
				GCC_WARN_UNUSED_VARIABLE = YES;
				FRAMEWORK_SEARCH_PATHS = (
					"$(inherited)",
					"$(SRCROOT)/../shared/build/xcode-frameworks/$(CONFIGURATION)/$(SDK_NAME)",
				);
				IPHONEOS_DEPLOYMENT_TARGET = 16.0;
				MTL_FAST_MATH = YES;
				SDKROOT = iphoneos;
				SWIFT_COMPILATION_MODE = wholemodule;
				SWIFT_OPTIMIZATION_LEVEL = "-O";
				VALIDATE_PRODUCT = YES;
			};
			name = Release;
		};
		AA900003 /* Debug */ = {
			isa = XCBuildConfiguration;
			buildSettings = {
				ASSETCATALOG_COMPILER_APPICON_NAME = AppIcon;
				ASSETCATALOG_COMPILER_GLOBAL_ACCENT_COLOR_NAME = AccentColor;
				CODE_SIGN_ENTITLEMENTS = iosApp/iosApp.entitlements;
				CODE_SIGN_STYLE = Automatic;
				CURRENT_PROJECT_VERSION = 1;
				DEVELOPMENT_ASSET_PATHS = "";
				ENABLE_PREVIEWS = YES;
				GENERATE_INFOPLIST_FILE = NO;
				INFOPLIST_FILE = iosApp/Info.plist;
				IPHONEOS_DEPLOYMENT_TARGET = 16.0;
				LD_RUNPATH_SEARCH_PATHS = (
					"$(inherited)",
					"@executable_path/Frameworks",
				);
				MARKETING_VERSION = 1.0;
				PRODUCT_BUNDLE_IDENTIFIER = com.socialvideodownloader.ios;
				PRODUCT_NAME = "$(TARGET_NAME)";
				SWIFT_EMIT_LOC_STRINGS = YES;
				SWIFT_VERSION = 6.0;
				TARGETED_DEVICE_FAMILY = "1,2";
			};
			name = Debug;
		};
		AA900004 /* Release */ = {
			isa = XCBuildConfiguration;
			buildSettings = {
				ASSETCATALOG_COMPILER_APPICON_NAME = AppIcon;
				ASSETCATALOG_COMPILER_GLOBAL_ACCENT_COLOR_NAME = AccentColor;
				CODE_SIGN_ENTITLEMENTS = iosApp/iosApp.entitlements;
				CODE_SIGN_STYLE = Automatic;
				CURRENT_PROJECT_VERSION = 1;
				DEVELOPMENT_ASSET_PATHS = "";
				ENABLE_PREVIEWS = YES;
				GENERATE_INFOPLIST_FILE = NO;
				INFOPLIST_FILE = iosApp/Info.plist;
				IPHONEOS_DEPLOYMENT_TARGET = 16.0;
				LD_RUNPATH_SEARCH_PATHS = (
					"$(inherited)",
					"@executable_path/Frameworks",
				);
				MARKETING_VERSION = 1.0;
				PRODUCT_BUNDLE_IDENTIFIER = com.socialvideodownloader.ios;
				PRODUCT_NAME = "$(TARGET_NAME)";
				SWIFT_EMIT_LOC_STRINGS = YES;
				SWIFT_VERSION = 6.0;
				TARGETED_DEVICE_FAMILY = "1,2";
			};
			name = Release;
		};
/* End XCBuildConfiguration section */

/* Begin XCConfigurationList section */
		AA700000 /* Build configuration list for PBXProject "iosApp" */ = {
			isa = XCConfigurationList;
			buildConfigurations = (
				AA900001 /* Debug */,
				AA900002 /* Release */,
			);
			defaultConfigurationIsVisible = 0;
			defaultConfigurationName = Release;
		};
		AA700001 /* Build configuration list for PBXNativeTarget "iosApp" */ = {
			isa = XCConfigurationList;
			buildConfigurations = (
				AA900003 /* Debug */,
				AA900004 /* Release */,
			);
			defaultConfigurationIsVisible = 0;
			defaultConfigurationName = Release;
		};
/* End XCConfigurationList section */

	};
	rootObject = AA800001 /* Project object */;
}
